
Microsoft Visual Studio Solution File, Format Version 12.00
# Visual Studio 15
VisualStudioVersion = 15.0.27428.2027
MinimumVisualStudioVersion = 10.0.40219.1
Project("{8BC9CEB8-8B4A-11D0-8D11-00A0C91BC942}") = "TowerUp", "TowerUp\TowerUp.vcxproj", "{E8CAD300-91C2-4599-8590-7DDDD5C0527B}"
EndProject
Global
	GlobalSection(SolutionConfigurationPlatforms) = preSolution
		Debug|x64 = Debug|x64
		Debug|x86 = Debug|x86
		Release|x64 = Release|x64
		Release|x86 = Release|x86
	EndGlobalSection
	GlobalSection(ProjectConfigurationPlatforms) = postSolution
		{E8CAD300-91C2-4599-8590-7DDDD5C0527B}.Debug|x64.ActiveCfg = Debug|x64
		{E8CAD300-91C2-4599-8590-7DDDD5C0527B}.Debug|x64.Build.0 = Debug|x64
		{E8CAD300-91C2-4599-8590-7DDDD5C0527B}.Debug|x86.ActiveCfg = Debug|Win32
		{E8CAD300-91C2-4599-8590-7DDDD5C0527B}.Debug|x86.Build.0 = Debug|Win32
		{E8CAD300-91C2-4599-8590-7DDDD5C0527B}.Release|x64.ActiveCfg = Release|x64
		{E8CAD300-91C2-4599-8590-7DDDD5C0527B}.Release|x64.Build.0 = Release|x64
		{E8CAD300-91C2-4599-8590-7DDDD5C0527B}.Release|x86.ActiveCfg = Release|Win32
		{E8CAD300-91C2-4599-8590-7DDDD5C0527B}.Release|x86.Build.0 = Release|Win32
	EndGlobalSection
	GlobalSection(SolutionProperties) = preSolution
		HideSolutionNode = FALSE
	EndGlobalSection
	GlobalSection(ExtensibilityGlobals) = postSolution
		SolutionGuid = {3717159C-E56A-4ACB-ADE5-21F394740F7B}
	EndGlobalSection
EndGlobal
